
Microsoft Visual Studio Solution File, Format Version 12.00
# Visual Studio 15
VisualStudioVersion = 15.0.27703.2042
MinimumVisualStudioVersion = 10.0.40219.1
Project("{FAE04EC0-301F-11D3-BF4B-00C04F79EFBC}") = "NUnit", "NUnit\NUnit.csproj", "{A80E6144-D8FE-4E05-B021-11B2A57A722A}"
EndProject
Global
	GlobalSection(SolutionConfigurationPlatforms) = preSolution
		Debug|Any CPU = Debug|Any CPU
		Release|Any CPU = Release|Any CPU
	EndGlobalSection
	GlobalSection(ProjectConfigurationPlatforms) = postSolution
		{A80E6144-D8FE-4E05-B021-11B2A57A722A}.Debug|Any CPU.ActiveCfg = Debug|Any CPU
		{A80E6144-D8FE-4E05-B021-11B2A57A722A}.Debug|Any CPU.Build.0 = Debug|Any CPU
		{A80E6144-D8FE-4E05-B021-11B2A57A722A}.Release|Any CPU.ActiveCfg = Release|Any CPU
		{A80E6144-D8FE-4E05-B021-11B2A57A722A}.Release|Any CPU.Build.0 = Release|Any CPU
	EndGlobalSection
	GlobalSection(SolutionProperties) = preSolution
		HideSolutionNode = FALSE
	EndGlobalSection
	GlobalSection(ExtensibilityGlobals) = postSolution
		SolutionGuid = {DF197D2D-1796-4C13-9CB5-96DB06C6166D}
	EndGlobalSection
EndGlobal
